{
    "_readme": [
        "This file locks the dependencies of your project to a known state",
        "Read more about it at https://getcomposer.org/doc/01-basic-usage.md#installing-dependencies",
        "This file is @generated automatically"
    ],
    "content-hash": "272ec33836cb3569d3e87840b273b9b5",
    "packages": [
        {
            "name": "brick/math",
            "version": "0.13.1",
            "source": {
                "type": "git",
                "url": "https://github.com/brick/math.git",
                "reference": "fc7ed316430118cc7836bf45faff18d5dfc8de04"
            },
            "dist": {
                "type": "zip",
                "url": "https://api.github.com/repos/brick/math/zipball/fc7ed316430118cc7836bf45faff18d5dfc8de04",
                "reference": "fc7ed316430118cc7836bf45faff18d5dfc8de04",
                "shasum": ""
            },
            "require": {
                "php": "^8.1"
            },
            "require-dev": {
                "php-coveralls/php-coveralls": "^2.2",
                "phpunit/phpunit": "^10.1",
                "vimeo/psalm": "6.8.8"
            },
            "type": "library",
            "autoload": {
                "psr-4": {
                    "Brick\\Math\\": "src/"
                }
            },
            "notification-url": "https://packagist.org/downloads/",
            "license": [
                "MIT"
            ],
            "description": "Arbitrary-precision arithmetic library",
            "keywords": [
                "Arbitrary-precision",
                "BigInteger",
                "BigRational",
                "arithmetic",
                "bigdecimal",
                "bignum",
                "bignumber",
                "brick",
                "decimal",
                "integer",
                "math",
                "mathematics",
                "rational"
            ],
            "support": {
                "issues": "https://github.com/brick/math/issues",
                "source": "https://github.com/brick/math/tree/0.13.1"
            },
            "funding": [
                {
                    "url": "https://github.com/BenMorel",
                    "type": "github"
                }
            ],
            "time": "2025-03-29T13:50:30+00:00"
        },
        {
            "name": "league/uri-interfaces",
            "version": "7.8.1",
            "source": {
                "type": "git",
                "url": "https://github.com/thephpleague/uri-interfaces.git",
                "reference": "85d5c77c5d6d3af6c54db4a78246364908f3c928"
            },
            "dist": {
                "type": "zip",
                "url": "https://api.github.com/repos/thephpleague/uri-interfaces/zipball/85d5c77c5d6d3af6c54db4a78246364908f3c928",
                "reference": "85d5c77c5d6d3af6c54db4a78246364908f3c928",
                "shasum": ""
            },
            "require": {
                "ext-filter": "*",
                "php": "^8.1",
                "psr/http-message": "^1.1 || ^2.0"
            },
            "suggest": {
                "ext-bcmath": "to improve IPV4 host parsing",
                "ext-gmp": "to improve IPV4 host parsing",
                "ext-intl": "to handle IDN host with the best performance",
                "php-64bit": "to improve IPV4 host parsing",
                "rowbot/url": "to handle URLs using the WHATWG URL Living Standard specification",
                "symfony/polyfill-intl-idn": "to handle IDN host via the Symfony polyfill if ext-intl is not present"
            },
            "type": "library",
            "extra": {
                "branch-alias": {
                    "dev-master": "7.x-dev"
                }
            },
            "autoload": {
                "psr-4": {
                    "League\\Uri\\": ""
                }
            },
            "notification-url": "https://packagist.org/downloads/",
            "license": [
                "MIT"
            ],
            "authors": [
                {
                    "name": "Ignace Nyamagana Butera",
                    "email": "nyamsprod@gmail.com",
                    "homepage": "https://nyamsprod.com"
                }
            ],
            "description": "Common tools for parsing and resolving RFC3987/RFC3986 URI",
            "homepage": "https://uri.thephpleague.com",
            "keywords": [
                "data-uri",
                "file-uri",
                "ftp",
                "hostname",
                "http",
                "https",
                "parse_str",
                "parse_url",
                "psr-7",
                "query-string",
                "querystring",
                "rfc3986",
                "rfc3987",
                "rfc6570",
                "uri",
                "url",
                "ws"
            ],
            "support": {
                "docs": "https://uri.thephpleague.com",
                "forum": "https://thephpleague.slack.com",
                "issues": "https://github.com/thephpleague/uri-src/issues",
                "source": "https://github.com/thephpleague/uri-interfaces/tree/7.8.1"
            },
            "funding": [
                {
                    "url": "https://github.com/sponsors/nyamsprod",
                    "type": "github"
                }
            ],
            "time": "2026-03-08T20:05:35+00:00"
        },
        {
            "name": "league/uri-polyfill",
            "version": "7.8.1",
            "source": {
                "type": "git",
                "url": "https://github.com/thephpleague/uri-polyfill.git",
                "reference": "958196d6c20840037574228b327087d48d5e18b9"
            },
            "dist": {
                "type": "zip",
                "url": "https://api.github.com/repos/thephpleague/uri-polyfill/zipball/958196d6c20840037574228b327087d48d5e18b9",
                "reference": "958196d6c20840037574228b327087d48d5e18b9",
                "shasum": ""
            },
            "require": {
                "league/uri-interfaces": ">=7.8.1",
                "php": ">=8.1",
                "rowbot/url": "^4.1.0"
            },
            "provide": {
                "ext-uri": "*"
            },
            "suggest": {
                "ext-intl": "to handle IDN host with the best performance",
                "jeremykendall/php-domain-parser": "to further parse the URI host and resolve its Public Suffix and Top Level Domain",
                "league/uri-components": "to provide additional tools to manipulate URI objects components",
                "league/uri-polyfill": "to backport the PHP URI extension for older versions of PHP",
                "php-64bit": "to improve IPV4 host parsing",
                "rowbot/url": "to handle URLs using the WHATWG URL Living Standard specification",
                "symfony/polyfill-intl-idn": "to handle IDN host via the Symfony polyfill if ext-intl is not present",
                "symfony/polyfill-php82": "to use the SensitiveParameter polyfill in PHP8.1"
            },
            "type": "library",
            "extra": {
                "branch-alias": {
                    "dev-master": "7.x-dev"
                }
            },
            "autoload": {
                "psr-4": {
                    "League\\Uri\\": ""
                },
                "classmap": [
                    "lib"
                ]
            },
            "notification-url": "https://packagist.org/downloads/",
            "license": [
                "MIT"
            ],
            "authors": [
                {
                    "name": "Ignace Nyamagana Butera",
                    "email": "nyamsprod@gmail.com",
                    "homepage": "https://github.com/nyamsprod/",
                    "role": "Developer"
                }
            ],
            "description": "Polyfill backporting PHP 8.5+ native RFC3986/WHATWG URI features to lower PHP versions",
            "keywords": [
                "WHATWG",
                "compatibiliy",
                "equivalence",
                "parser",
                "polyfill",
                "portable",
                "resolver",
                "rfc3986",
                "uri",
                "url"
            ],
            "support": {
                "source": "https://github.com/thephpleague/uri-polyfill/tree/7.8.1"
            },
            "funding": [
                {
                    "url": "https://github.com/nyamsprod",
                    "type": "github"
                }
            ],
            "time": "2026-03-15T20:22:25+00:00"
        },
        {
            "name": "psr/http-factory",
            "version": "1.1.0",
            "source": {
                "type": "git",
                "url": "https://github.com/php-fig/http-factory.git",
                "reference": "2b4765fddfe3b508ac62f829e852b1501d3f6e8a"
            },
            "dist": {
                "type": "zip",
                "url": "https://api.github.com/repos/php-fig/http-factory/zipball/2b4765fddfe3b508ac62f829e852b1501d3f6e8a",
                "reference": "2b4765fddfe3b508ac62f829e852b1501d3f6e8a",
                "shasum": ""
            },
            "require": {
                "php": ">=7.1",
                "psr/http-message": "^1.0 || ^2.0"
            },
            "type": "library",
            "extra": {
                "branch-alias": {
                    "dev-master": "1.0.x-dev"
                }
            },
            "autoload": {
                "psr-4": {
                    "Psr\\Http\\Message\\": "src/"
                }
            },
            "notification-url": "https://packagist.org/downloads/",
            "license": [
                "MIT"
            ],
            "authors": [
                {
                    "name": "PHP-FIG",
                    "homepage": "https://www.php-fig.org/"
                }
            ],
            "description": "PSR-17: Common interfaces for PSR-7 HTTP message factories",
            "keywords": [
                "factory",
                "http",
                "message",
                "psr",
                "psr-17",
                "psr-7",
                "request",
                "response"
            ],
            "support": {
                "source": "https://github.com/php-fig/http-factory"
            },
            "time": "2024-04-15T12:06:14+00:00"
        },
        {
            "name": "psr/http-message",
            "version": "2.0",
            "source": {
                "type": "git",
                "url": "https://github.com/php-fig/http-message.git",
                "reference": "402d35bcb92c70c026d1a6a9883f06b2ead23d71"
            },
            "dist": {
                "type": "zip",
                "url": "https://api.github.com/repos/php-fig/http-message/zipball/402d35bcb92c70c026d1a6a9883f06b2ead23d71",
                "reference": "402d35bcb92c70c026d1a6a9883f06b2ead23d71",
                "shasum": ""
            },
            "require": {
                "php": "^7.2 || ^8.0"
            },
            "type": "library",
            "extra": {
                "branch-alias": {
                    "dev-master": "2.0.x-dev"
                }
            },
            "autoload": {
                "psr-4": {
                    "Psr\\Http\\Message\\": "src/"
                }
            },
            "notification-url": "https://packagist.org/downloads/",
            "license": [
                "MIT"
            ],
            "authors": [
                {
                    "name": "PHP-FIG",
                    "homepage": "https://www.php-fig.org/"
                }
            ],
            "description": "Common interface for HTTP messages",
            "homepage": "https://github.com/php-fig/http-message",
            "keywords": [
                "http",
                "http-message",
                "psr",
                "psr-7",
                "request",
                "response"
            ],
            "support": {
                "source": "https://github.com/php-fig/http-message/tree/2.0"
            },
            "time": "2023-04-04T09:54:51+00:00"
        },
        {
            "name": "psr/log",
            "version": "3.0.2",
            "source": {
                "type": "git",
                "url": "https://github.com/php-fig/log.git",
                "reference": "f16e1d5863e37f8d8c2a01719f5b34baa2b714d3"
            },
            "dist": {
                "type": "zip",
                "url": "https://api.github.com/repos/php-fig/log/zipball/f16e1d5863e37f8d8c2a01719f5b34baa2b714d3",
                "reference": "f16e1d5863e37f8d8c2a01719f5b34baa2b714d3",
                "shasum": ""
            },
            "require": {
                "php": ">=8.0.0"
            },
            "type": "library",
            "extra": {
                "branch-alias": {
                    "dev-master": "3.x-dev"
                }
            },
            "autoload": {
                "psr-4": {
                    "Psr\\Log\\": "src"
                }
            },
            "notification-url": "https://packagist.org/downloads/",
            "license": [
                "MIT"
            ],
            "authors": [
                {
                    "name": "PHP-FIG",
                    "homepage": "https://www.php-fig.org/"
                }
            ],
            "description": "Common interface for logging libraries",
            "homepage": "https://github.com/php-fig/log",
            "keywords": [
                "log",
                "psr",
                "psr-3"
            ],
            "support": {
                "source": "https://github.com/php-fig/log/tree/3.0.2"
            },
            "time": "2024-09-11T13:17:53+00:00"
        },
        {
            "name": "rowbot/idna",
            "version": "0.3.0",
            "source": {
                "type": "git",
                "url": "https://github.com/TRowbotham/idna.git",
                "reference": "504900acc8e465a17668a61ae30391d1aebbb4f2"
            },
            "dist": {
                "type": "zip",
                "url": "https://api.github.com/repos/TRowbotham/idna/zipball/504900acc8e465a17668a61ae30391d1aebbb4f2",
                "reference": "504900acc8e465a17668a61ae30391d1aebbb4f2",
                "shasum": ""
            },
            "require": {
                "ext-mbstring": "*",
                "php": ">=8.1",
                "rowbot/punycode": "^1.0",
                "symfony/polyfill-intl-normalizer": "^1.18"
            },
            "require-dev": {
                "guzzlehttp/guzzle": "^6.5 || ^7.0",
                "phpstan/phpstan": "^2.1",
                "phpstan/phpstan-deprecation-rules": "^2.0",
                "phpstan/phpstan-strict-rules": "^2.0",
                "phpunit/phpunit": "^10.0 || ^11.0 || ^12.0",
                "squizlabs/php_codesniffer": "^3.7.1",
                "symfony/cache": "^5.0 || ^6.0 || ^7.0"
            },
            "type": "library",
            "autoload": {
                "psr-4": {
                    "Rowbot\\Idna\\": "src/",
                    "Rowbot\\Idna\\Resource\\": "resources/"
                }
            },
            "notification-url": "https://packagist.org/downloads/",
            "license": [
                "MIT"
            ],
            "authors": [
                {
                    "name": "Trevor Rowbotham"
                }
            ],
            "description": "An implementation of UTS#46 Unicode IDNA Compatibility Processing.",
            "keywords": [
                "idn",
                "idna",
                "international domain names",
                "iri",
                "tr46",
                "unicode",
                "uts46"
            ],
            "support": {
                "issues": "https://github.com/TRowbotham/idna/issues",
                "source": "https://github.com/TRowbotham/idna/tree/0.3.0"
            },
            "time": "2025-09-19T00:30:13+00:00"
        },
        {
            "name": "rowbot/punycode",
            "version": "1.0.4",
            "source": {
                "type": "git",
                "url": "https://github.com/TRowbotham/punycode.git",
                "reference": "ec116e99cb089a25d45147813d61bfa2deb29328"
            },
            "dist": {
                "type": "zip",
                "url": "https://api.github.com/repos/TRowbotham/punycode/zipball/ec116e99cb089a25d45147813d61bfa2deb29328",
                "reference": "ec116e99cb089a25d45147813d61bfa2deb29328",
                "shasum": ""
            },
            "require": {
                "php": ">=7.1"
            },
            "require-dev": {
                "ext-mbstring": "*",
                "phpstan/phpstan": "^1.2",
                "phpstan/phpstan-deprecation-rules": "^1.0",
                "phpstan/phpstan-strict-rules": "^1.0",
                "phpunit/phpunit": "^7.0 || ^8.0 || ^9.0",
                "squizlabs/php_codesniffer": "^3.5.1"
            },
            "type": "library",
            "autoload": {
                "psr-4": {
                    "Rowbot\\Punycode\\": "src/"
                }
            },
            "notification-url": "https://packagist.org/downloads/",
            "license": [
                "MIT"
            ],
            "authors": [
                {
                    "name": "Trevor Rowbotham",
                    "homepage": "https://trowbotham.com",
                    "role": "Developer"
                }
            ],
            "description": "A Bootstring encoding of Unicode for Internationalized Domain Names in Applications (IDNA).",
            "keywords": [
                "punycode",
                "rfc-3492",
                "rfc3492"
            ],
            "support": {
                "issues": "https://github.com/TRowbotham/punycode/issues",
                "source": "https://github.com/TRowbotham/punycode/tree/1.0.4"
            },
            "time": "2024-05-03T00:56:10+00:00"
        },
        {
            "name": "rowbot/url",
            "version": "4.1.0",
            "source": {
                "type": "git",
                "url": "https://github.com/TRowbotham/URL-Parser.git",
                "reference": "3087a67802a11796590e4bb9507981e48b077529"
            },
            "dist": {
                "type": "zip",
                "url": "https://api.github.com/repos/TRowbotham/URL-Parser/zipball/3087a67802a11796590e4bb9507981e48b077529",
                "reference": "3087a67802a11796590e4bb9507981e48b077529",
                "shasum": ""
            },
            "require": {
                "brick/math": "^0.12 || ^0.13",
                "ext-mbstring": "*",
                "php": ">=8.1",
                "psr/log": "^3.0",
                "rowbot/idna": "^0.3.0"
            },
            "require-dev": {
                "guzzlehttp/guzzle": "^7.0",
                "phpstan/phpstan": "^2.1",
                "phpstan/phpstan-deprecation-rules": "^2.0",
                "phpstan/phpstan-strict-rules": "^2.0",
                "phpunit/phpunit": "^10.0 || ^11.0 || ^12.0",
                "slevomat/coding-standard": "^8.0",
                "squizlabs/php_codesniffer": "^3.7.1",
                "symfony/cache": "^5.0 || ^6.0 || ^7.0"
            },
            "type": "library",
            "autoload": {
                "psr-4": {
                    "Rowbot\\URL\\": "src/"
                }
            },
            "notification-url": "https://packagist.org/downloads/",
            "license": [
                "MIT"
            ],
            "authors": [
                {
                    "name": "Trevor Rowbotham",
                    "homepage": "https://trowbotham.com",
                    "role": "Developer"
                }
            ],
            "description": "A WHATWG URL spec compliant URL parser for working with URLs and their query strings.",
            "keywords": [
                "WHATWG",
                "query-string",
                "querystring",
                "uri",
                "url",
                "url-parser",
                "url-parsing"
            ],
            "support": {
                "issues": "https://github.com/TRowbotham/URL-Parser/issues",
                "source": "https://github.com/TRowbotham/URL-Parser/tree/4.1.0"
            },
            "time": "2025-09-19T00:44:16+00:00"
        },
        {
            "name": "symfony/polyfill-intl-normalizer",
            "version": "v1.37.0",
            "source": {
                "type": "git",
                "url": "https://github.com/symfony/polyfill-intl-normalizer.git",
                "reference": "3833d7255cc303546435cb650316bff708a1c75c"
            },
            "dist": {
                "type": "zip",
                "url": "https://api.github.com/repos/symfony/polyfill-intl-normalizer/zipball/3833d7255cc303546435cb650316bff708a1c75c",
                "reference": "3833d7255cc303546435cb650316bff708a1c75c",
                "shasum": ""
            },
            "require": {
                "php": ">=7.2"
            },
            "suggest": {
                "ext-intl": "For best performance"
            },
            "type": "library",
            "extra": {
                "thanks": {
                    "url": "https://github.com/symfony/polyfill",
                    "name": "symfony/polyfill"
                }
            },
            "autoload": {
                "files": [
                    "bootstrap.php"
                ],
                "psr-4": {
                    "Symfony\\Polyfill\\Intl\\Normalizer\\": ""
                },
                "classmap": [
                    "Resources/stubs"
                ]
            },
            "notification-url": "https://packagist.org/downloads/",
            "license": [
                "MIT"
            ],
            "authors": [
                {
                    "name": "Nicolas Grekas",
                    "email": "p@tchwork.com"
                },
                {
                    "name": "Symfony Community",
                    "homepage": "https://symfony.com/contributors"
                }
            ],
            "description": "Symfony polyfill for intl's Normalizer class and related functions",
            "homepage": "https://symfony.com",
            "keywords": [
                "compatibility",
                "intl",
                "normalizer",
                "polyfill",
                "portable",
                "shim"
            ],
            "support": {
                "source": "https://github.com/symfony/polyfill-intl-normalizer/tree/v1.37.0"
            },
            "funding": [
                {
                    "url": "https://symfony.com/sponsor",
                    "type": "custom"
                },
                {
                    "url": "https://github.com/fabpot",
                    "type": "github"
                },
                {
                    "url": "https://github.com/nicolas-grekas",
                    "type": "github"
                },
                {
                    "url": "https://tidelift.com/funding/github/packagist/symfony/symfony",
                    "type": "tidelift"
                }
            ],
            "time": "2024-09-09T11:45:10+00:00"
        }
    ],
    "packages-dev": [],
    "aliases": [],
    "minimum-stability": "stable",
    "stability-flags": [],
    "prefer-stable": false,
    "prefer-lowest": false,
    "platform": {
        "php": ">=8.3"
    },
    "platform-dev": [],
    "plugin-api-version": "2.6.0"
}
